
Microsoft Visual Studio Solution File, Format Version 12.00
# Visual Studio Version 16
VisualStudioVersion = 16.0.31515.178
MinimumVisualStudioVersion = 10.0.40219.1
Project("{FAE04EC0-301F-11D3-BF4B-00C04F79EFBC}") = "TheShop", "TheShop\TheShop.csproj", "{72C6A701-A607-4030-8A52-D004440C2AA1}"
EndProject
Project("{FAE04EC0-301F-11D3-BF4B-00C04F79EFBC}") = "TheShop.Repositories", "TheShop.Repositories\TheShop.Repositories.csproj", "{AB32F47F-BE73-43B7-A053-293259D978F0}"
EndProject
Project("{FAE04EC0-301F-11D3-BF4B-00C04F79EFBC}") = "TheShop.Models", "TheShop.Models\TheShop.Models.csproj", "{CA13118C-C027-413A-8634-C3476A7A4BF6}"
EndProject
Project("{FAE04EC0-301F-11D3-BF4B-00C04F79EFBC}") = "TheShop.Services", "TheShop.Services\TheShop.Services.csproj", "{3295ABCD-7165-4035-A688-EDCE02666A60}"
EndProject
Global
	GlobalSection(SolutionConfigurationPlatforms) = preSolution
		Debug|Any CPU = Debug|Any CPU
		Release|Any CPU = Release|Any CPU
	EndGlobalSection
	GlobalSection(ProjectConfigurationPlatforms) = postSolution
		{72C6A701-A607-4030-8A52-D004440C2AA1}.Debug|Any CPU.ActiveCfg = Debug|Any CPU
		{72C6A701-A607-4030-8A52-D004440C2AA1}.Debug|Any CPU.Build.0 = Debug|Any CPU
		{72C6A701-A607-4030-8A52-D004440C2AA1}.Release|Any CPU.ActiveCfg = Release|Any CPU
		{72C6A701-A607-4030-8A52-D004440C2AA1}.Release|Any CPU.Build.0 = Release|Any CPU
		{AB32F47F-BE73-43B7-A053-293259D978F0}.Debug|Any CPU.ActiveCfg = Debug|Any CPU
		{AB32F47F-BE73-43B7-A053-293259D978F0}.Debug|Any CPU.Build.0 = Debug|Any CPU
		{AB32F47F-BE73-43B7-A053-293259D978F0}.Release|Any CPU.ActiveCfg = Release|Any CPU
		{AB32F47F-BE73-43B7-A053-293259D978F0}.Release|Any CPU.Build.0 = Release|Any CPU
		{CA13118C-C027-413A-8634-C3476A7A4BF6}.Debug|Any CPU.ActiveCfg = Debug|Any CPU
		{CA13118C-C027-413A-8634-C3476A7A4BF6}.Debug|Any CPU.Build.0 = Debug|Any CPU
		{CA13118C-C027-413A-8634-C3476A7A4BF6}.Release|Any CPU.ActiveCfg = Release|Any CPU
		{CA13118C-C027-413A-8634-C3476A7A4BF6}.Release|Any CPU.Build.0 = Release|Any CPU
		{3295ABCD-7165-4035-A688-EDCE02666A60}.Debug|Any CPU.ActiveCfg = Debug|Any CPU
		{3295ABCD-7165-4035-A688-EDCE02666A60}.Debug|Any CPU.Build.0 = Debug|Any CPU
		{3295ABCD-7165-4035-A688-EDCE02666A60}.Release|Any CPU.ActiveCfg = Release|Any CPU
		{3295ABCD-7165-4035-A688-EDCE02666A60}.Release|Any CPU.Build.0 = Release|Any CPU
	EndGlobalSection
	GlobalSection(SolutionProperties) = preSolution
		HideSolutionNode = FALSE
	EndGlobalSection
	GlobalSection(ExtensibilityGlobals) = postSolution
		SolutionGuid = {C25B0E70-5A55-4F24-897A-CE20A35C705A}
	EndGlobalSection
EndGlobal
